{
  "name": "recurd-external-updater",
  "version": "1.0.0",
  "lockfileVersion": 3,
  "requires": true,
  "packages": {
    "": {
      "name": "recurd-external-updater",
      "version": "1.0.0",
      "license": "ISC",
      "dependencies": {
        "cron": "^3.1.8",
        "dotenv": "^16.4.5",
        "rabbitmq-stream-js-client": "^0.4.2",
        "recurd-database": "file:../database",
        "recurd-external": "file:../external"
      },
      "devDependencies": {
        "@types/node": "^22.8.6",
        "typescript": "^5.6.3"
      }
    },
    "../database": {
      "name": "recurd-database",
      "version": "1.0.0",
      "license": "ISC",
      "dependencies": {
        "postgres": "^3.4.4"
      },
      "devDependencies": {
        "@eslint/js": "^9.12.0",
        "eslint": "^9.12.0"
      }
    },
    "../external": {
      "name": "recurd-external",
      "version": "1.0.0",
      "license": "ISC",
      "dependencies": {
        "buffer": "^6.0.3",
        "dotenv": "^16.4.5",
        "recurd-database": "file:../database"
      },
      "devDependencies": {
        "@types/node": "^22.7.7",
        "typescript": "^5.6.3"
      }
    },
    "node_modules/@types/luxon": {
      "version": "3.4.2",
      "resolved": "https://registry.npmjs.org/@types/luxon/-/luxon-3.4.2.tgz",
      "integrity": "sha512-TifLZlFudklWlMBfhubvgqTXRzLDI5pCbGa4P8a3wPyUQSW+1xQ5eDsreP9DWHX3tjq1ke96uYG/nwundroWcA=="
    },
    "node_modules/@types/node": {
      "version": "22.8.6",
      "resolved": "https://registry.npmjs.org/@types/node/-/node-22.8.6.tgz",
      "integrity": "sha512-tosuJYKrIqjQIlVCM4PEGxOmyg3FCPa/fViuJChnGeEIhjA46oy8FMVoF9su1/v8PNs2a8Q0iFNyOx0uOF91nw==",
      "dev": true,
      "dependencies": {
        "undici-types": "~6.19.8"
      }
    },
    "node_modules/cron": {
      "version": "3.1.8",
      "resolved": "https://registry.npmjs.org/cron/-/cron-3.1.8.tgz",
      "integrity": "sha512-45bqmAOSd/XB5JJWfV1W59fFEzqgNNWmOYQZVcw0sfyQqU35HFdVfTsr2xzlqWoTAfspRrvK0lSSLj8Pj9YmpQ==",
      "dependencies": {
        "@types/luxon": "~3.4.0",
        "luxon": "~3.5.0"
      }
    },
    "node_modules/dotenv": {
      "version": "16.4.5",
      "resolved": "https://registry.npmjs.org/dotenv/-/dotenv-16.4.5.tgz",
      "integrity": "sha512-ZmdL2rui+eB2YwhsWzjInR8LldtZHGDoQ1ugH85ppHKwpUHL7j7rN0Ti9NCnGiQbhaZ11FpR+7ao1dNsmduNUg==",
      "engines": {
        "node": ">=12"
      },
      "funding": {
        "url": "https://dotenvx.com"
      }
    },
    "node_modules/luxon": {
      "version": "3.5.0",
      "resolved": "https://registry.npmjs.org/luxon/-/luxon-3.5.0.tgz",
      "integrity": "sha512-rh+Zjr6DNfUYR3bPwJEnuwDdqMbxZW7LOQfUN4B54+Cl+0o5zaU9RJ6bcidfDtC1cWCZXQ+nvX8bf6bAji37QQ==",
      "engines": {
        "node": ">=12"
      }
    },
    "node_modules/rabbitmq-stream-js-client": {
      "version": "0.4.2",
      "resolved": "https://registry.npmjs.org/rabbitmq-stream-js-client/-/rabbitmq-stream-js-client-0.4.2.tgz",
      "integrity": "sha512-/hcTDZJ8oUnVZoWFwGbD278qZ7F2Yb4mSDmzUQ1kpZh+82C0xiCDa0+nYotGauwZXsXddjnyc5C6q6qaP2OU1A==",
      "dependencies": {
        "semver": "^7.5.4"
      }
    },
    "node_modules/recurd-database": {
      "resolved": "../database",
      "link": true
    },
    "node_modules/recurd-external": {
      "resolved": "../external",
      "link": true
    },
    "node_modules/semver": {
      "version": "7.6.3",
      "resolved": "https://registry.npmjs.org/semver/-/semver-7.6.3.tgz",
      "integrity": "sha512-oVekP1cKtI+CTDvHWYFUcMtsK/00wmAEfyqKfNdARm8u1wNVhSgaX7A8d4UuIlUI5e84iEwOhs7ZPYRmzU9U6A==",
      "bin": {
        "semver": "bin/semver.js"
      },
      "engines": {
        "node": ">=10"
      }
    },
    "node_modules/typescript": {
      "version": "5.6.3",
      "resolved": "https://registry.npmjs.org/typescript/-/typescript-5.6.3.tgz",
      "integrity": "sha512-hjcS1mhfuyi4WW8IWtjP7brDrG2cuDZukyrYrSauoXGNgx0S7zceP07adYkJycEr56BOUTNPzbInooiN3fn1qw==",
      "dev": true,
      "bin": {
        "tsc": "bin/tsc",
        "tsserver": "bin/tsserver"
      },
      "engines": {
        "node": ">=14.17"
      }
    },
    "node_modules/undici-types": {
      "version": "6.19.8",
      "resolved": "https://registry.npmjs.org/undici-types/-/undici-types-6.19.8.tgz",
      "integrity": "sha512-ve2KP6f/JnbPBFyobGHuerC9g1FYGn/F8n1LWTwNxCEzd6IfqTwUQcNXgEtmmQ6DlRrC1hrSrBnCZPokRrDHjw==",
      "dev": true
    }
  }
}
